{
  "name": "notes_app",
  "version": "0.1.0",
  "lockfileVersion": 1,
  "dependencies": {
    "apollo-link-context": {
      "version": "1.0.1",
      "resolved": "https://registry.npmjs.org/apollo-link-context/-/apollo-link-context-1.0.1.tgz",
      "integrity": "sha512-6irajvNlVpnJLSzTGrqIBEvRq901u5Jte6IDYbO/DwiGFMrbNbKjwbR2Nf92YzNWy9anmvtsmoz39oaGykBkIA=="
    }
  }
}
